
Microsoft Visual Studio Solution File, Format Version 12.00
# Visual Studio Version 17
VisualStudioVersion = 17.5.002.0
MinimumVisualStudioVersion = 10.0.40219.1
Project("{9A19103F-16F7-4668-BE54-9A1E7A4F7556}") = "backendnet", "backendnet.csproj", "{70493FA0-71A4-429F-84B9-57FF1D80002D}"
EndProject
Global
	GlobalSection(SolutionConfigurationPlatforms) = preSolution
		Debug|Any CPU = Debug|Any CPU
		Release|Any CPU = Release|Any CPU
	EndGlobalSection
	GlobalSection(ProjectConfigurationPlatforms) = postSolution
		{70493FA0-71A4-429F-84B9-57FF1D80002D}.Debug|Any CPU.ActiveCfg = Debug|Any CPU
		{70493FA0-71A4-429F-84B9-57FF1D80002D}.Debug|Any CPU.Build.0 = Debug|Any CPU
		{70493FA0-71A4-429F-84B9-57FF1D80002D}.Release|Any CPU.ActiveCfg = Release|Any CPU
		{70493FA0-71A4-429F-84B9-57FF1D80002D}.Release|Any CPU.Build.0 = Release|Any CPU
	EndGlobalSection
	GlobalSection(SolutionProperties) = preSolution
		HideSolutionNode = FALSE
	EndGlobalSection
	GlobalSection(ExtensibilityGlobals) = postSolution
		SolutionGuid = {364CF6E7-1AB8-4B36-BA94-AE40355DC365}
	EndGlobalSection
EndGlobal
